
Microsoft Visual Studio Solution File, Format Version 12.00
# Visual Studio Version 16
VisualStudioVersion = 16.0.32802.440
MinimumVisualStudioVersion = 10.0.40219.1
Project("{FAE04EC0-301F-11D3-BF4B-00C04F79EFBC}") = "BankingApp", "BankingApp\BankingApp.csproj", "{FA53D768-CC52-4017-BB8A-0ED4EB03DB6B}"
EndProject
Global
	GlobalSection(SolutionConfigurationPlatforms) = preSolution
		Debug|Any CPU = Debug|Any CPU
		Release|Any CPU = Release|Any CPU
	EndGlobalSection
	GlobalSection(ProjectConfigurationPlatforms) = postSolution
		{FA53D768-CC52-4017-BB8A-0ED4EB03DB6B}.Debug|Any CPU.ActiveCfg = Debug|Any CPU
		{FA53D768-CC52-4017-BB8A-0ED4EB03DB6B}.Debug|Any CPU.Build.0 = Debug|Any CPU
		{FA53D768-CC52-4017-BB8A-0ED4EB03DB6B}.Release|Any CPU.ActiveCfg = Release|Any CPU
		{FA53D768-CC52-4017-BB8A-0ED4EB03DB6B}.Release|Any CPU.Build.0 = Release|Any CPU
	EndGlobalSection
	GlobalSection(SolutionProperties) = preSolution
		HideSolutionNode = FALSE
	EndGlobalSection
	GlobalSection(ExtensibilityGlobals) = postSolution
		SolutionGuid = {ECB0673F-CB35-4F92-84EC-69448DC3A26C}
	EndGlobalSection
EndGlobal
